
Microsoft Visual Studio Solution File, Format Version 12.00
# Visual Studio 15
Project("{FAE04EC0-301F-11D3-BF4B-00C04F79EFBC}") = "Assembly-CSharp", "Assembly-CSharp.csproj", "{B2566E67-30E4-0BAB-7DF0-9DE1B3DA7E0F}"
EndProject
Project("{FAE04EC0-301F-11D3-BF4B-00C04F79EFBC}") = "Assembly-CSharp-Editor", "Assembly-CSharp-Editor.csproj", "{C65D49ED-721E-8B37-1C90-1302881BD94A}"
EndProject
Global
	GlobalSection(SolutionConfigurationPlatforms) = preSolution
		Debug|Any CPU = Debug|Any CPU
		Release|Any CPU = Release|Any CPU
	EndGlobalSection
	GlobalSection(ProjectConfigurationPlatforms) = postSolution
		{B2566E67-30E4-0BAB-7DF0-9DE1B3DA7E0F}.Debug|Any CPU.ActiveCfg = Debug|Any CPU
		{B2566E67-30E4-0BAB-7DF0-9DE1B3DA7E0F}.Debug|Any CPU.Build.0 = Debug|Any CPU
		{B2566E67-30E4-0BAB-7DF0-9DE1B3DA7E0F}.Release|Any CPU.ActiveCfg = Release|Any CPU
		{B2566E67-30E4-0BAB-7DF0-9DE1B3DA7E0F}.Release|Any CPU.Build.0 = Release|Any CPU
		{C65D49ED-721E-8B37-1C90-1302881BD94A}.Debug|Any CPU.ActiveCfg = Debug|Any CPU
		{C65D49ED-721E-8B37-1C90-1302881BD94A}.Debug|Any CPU.Build.0 = Debug|Any CPU
		{C65D49ED-721E-8B37-1C90-1302881BD94A}.Release|Any CPU.ActiveCfg = Release|Any CPU
		{C65D49ED-721E-8B37-1C90-1302881BD94A}.Release|Any CPU.Build.0 = Release|Any CPU
	EndGlobalSection
	GlobalSection(SolutionProperties) = preSolution
		HideSolutionNode = FALSE
	EndGlobalSection
EndGlobal
